
Microsoft Visual Studio Solution File, Format Version 12.00
# Visual Studio Version 17
VisualStudioVersion = 17.8.34511.84
MinimumVisualStudioVersion = 10.0.40219.1
Project("{FAE04EC0-301F-11D3-BF4B-00C04F79EFBC}") = "Assignment1", "Assignment1\Assignment1.csproj", "{C021FA84-4BD0-416A-9096-82828CE774D2}"
EndProject
Global
	GlobalSection(SolutionConfigurationPlatforms) = preSolution
		Debug|Any CPU = Debug|Any CPU
		Release|Any CPU = Release|Any CPU
	EndGlobalSection
	GlobalSection(ProjectConfigurationPlatforms) = postSolution
		{C021FA84-4BD0-416A-9096-82828CE774D2}.Debug|Any CPU.ActiveCfg = Debug|Any CPU
		{C021FA84-4BD0-416A-9096-82828CE774D2}.Debug|Any CPU.Build.0 = Debug|Any CPU
		{C021FA84-4BD0-416A-9096-82828CE774D2}.Release|Any CPU.ActiveCfg = Release|Any CPU
		{C021FA84-4BD0-416A-9096-82828CE774D2}.Release|Any CPU.Build.0 = Release|Any CPU
	EndGlobalSection
	GlobalSection(SolutionProperties) = preSolution
		HideSolutionNode = FALSE
	EndGlobalSection
	GlobalSection(ExtensibilityGlobals) = postSolution
		SolutionGuid = {0684D8C6-999A-4B4D-9B63-DD658B2A6D6D}
	EndGlobalSection
EndGlobal
